{
  "name": "Encrypt3DModel",
  "lockfileVersion": 2,
  "requires": true,
  "packages": {
    "": {
      "dependencies": {
        "@cadexchanger/web-toolkit": "^1.2.0"
      }
    },
    "node_modules/@cadexchanger/web-toolkit": {
      "version": "1.2.0",
      "resolved": "https://registry.npmmirror.com/@cadexchanger/web-toolkit/-/web-toolkit-1.2.0.tgz",
      "integrity": "sha512-SOAdsQCRr+Ru2lSxdpfQ02YdctbCv10UiEzU06QDcT+NRXb/gJuqMcWpF7IcRtn2MKR5Q0AkOIrnFNn/9SFBVg==",
      "dependencies": {
        "pako": "~1.0.10",
        "three": "~0.105"
      }
    },
    "node_modules/pako": {
      "version": "1.0.11",
      "resolved": "https://registry.npmmirror.com/pako/-/pako-1.0.11.tgz",
      "integrity": "sha512-4hLB8Py4zZce5s4yd9XzopqwVv/yGNhV1Bl8NTmCq1763HeK2+EwVTv+leGeL13Dnh2wfbqowVPXCIO0z4taYw=="
    },
    "node_modules/three": {
      "version": "0.105.2",
      "resolved": "https://registry.npmmirror.com/three/-/three-0.105.2.tgz",
      "integrity": "sha512-L3Al37k4g3hVbgFFS251UVtIc25chhyN0/RvXzR0C+uIBToV6EKDG+MZzEXm9L2miGUVMK27W46/VkP6WUZXMg=="
    }
  },
  "dependencies": {
    "@cadexchanger/web-toolkit": {
      "version": "1.2.0",
      "resolved": "https://registry.npmmirror.com/@cadexchanger/web-toolkit/-/web-toolkit-1.2.0.tgz",
      "integrity": "sha512-SOAdsQCRr+Ru2lSxdpfQ02YdctbCv10UiEzU06QDcT+NRXb/gJuqMcWpF7IcRtn2MKR5Q0AkOIrnFNn/9SFBVg==",
      "requires": {
        "pako": "~1.0.10",
        "three": "~0.105"
      }
    },
    "pako": {
      "version": "1.0.11",
      "resolved": "https://registry.npmmirror.com/pako/-/pako-1.0.11.tgz",
      "integrity": "sha512-4hLB8Py4zZce5s4yd9XzopqwVv/yGNhV1Bl8NTmCq1763HeK2+EwVTv+leGeL13Dnh2wfbqowVPXCIO0z4taYw=="
    },
    "three": {
      "version": "0.105.2",
      "resolved": "https://registry.npmmirror.com/three/-/three-0.105.2.tgz",
      "integrity": "sha512-L3Al37k4g3hVbgFFS251UVtIc25chhyN0/RvXzR0C+uIBToV6EKDG+MZzEXm9L2miGUVMK27W46/VkP6WUZXMg=="
    }
  }
}
